
Microsoft Visual Studio Solution File, Format Version 12.00
# Visual Studio Version 17
VisualStudioVersion = 17.0.32014.148
MinimumVisualStudioVersion = 10.0.40219.1
Project("{FAE04EC0-301F-11D3-BF4B-00C04F79EFBC}") = "git", "git.csproj", "{334ABB97-A557-449D-B9A4-F3370990E15B}"
EndProject
Global
	GlobalSection(SolutionConfigurationPlatforms) = preSolution
		Debug|Any CPU = Debug|Any CPU
		Release|Any CPU = Release|Any CPU
	EndGlobalSection
	GlobalSection(ProjectConfigurationPlatforms) = postSolution
		{334ABB97-A557-449D-B9A4-F3370990E15B}.Debug|Any CPU.ActiveCfg = Debug|Any CPU
		{334ABB97-A557-449D-B9A4-F3370990E15B}.Debug|Any CPU.Build.0 = Debug|Any CPU
		{334ABB97-A557-449D-B9A4-F3370990E15B}.Release|Any CPU.ActiveCfg = Release|Any CPU
		{334ABB97-A557-449D-B9A4-F3370990E15B}.Release|Any CPU.Build.0 = Release|Any CPU
	EndGlobalSection
	GlobalSection(SolutionProperties) = preSolution
		HideSolutionNode = FALSE
	EndGlobalSection
	GlobalSection(ExtensibilityGlobals) = postSolution
		SolutionGuid = {8AE3698D-FFEF-43EC-AD24-EE2117034708}
	EndGlobalSection
EndGlobal
